
Microsoft Visual Studio Solution File, Format Version 12.00
# Visual Studio Version 17
VisualStudioVersion = 17.0.31903.59
MinimumVisualStudioVersion = 10.0.40219.1
Project("{FAE04EC0-301F-11D3-BF4B-00C04F79EFBC}") = "Acontplus.Persistence.SqlServer", "Acontplus.Persistence.SqlServer\Acontplus.Persistence.SqlServer.csproj", "{6FBFE6F3-28D5-44B2-0471-3BB668F24C23}"
EndProject
Project("{2150E333-8FDC-42A3-9474-1A3956D46DE8}") = "Solution Items", "Solution Items", "{8EC462FD-D22E-90A8-E5CE-7E832BA40C5D}"
	ProjectSection(SolutionItems) = preProject
		Directory.Packages.props = Directory.Packages.props
		Nuget.config = Nuget.config
	EndProjectSection
EndProject
Project("{FAE04EC0-301F-11D3-BF4B-00C04F79EFBC}") = "Acontplus.Core", "Acontplus.Core\Acontplus.Core.csproj", "{B57B293E-20B6-028E-5EBC-DED146E17B37}"
EndProject
Project("{FAE04EC0-301F-11D3-BF4B-00C04F79EFBC}") = "Acontplus.Utilities", "Acontplus.Utilities\Acontplus.Utilities.csproj", "{56D2CF3E-2766-03BB-BE49-330B994B03BE}"
EndProject
Project("{FAE04EC0-301F-11D3-BF4B-00C04F79EFBC}") = "Acontplus.Data", "Acontplus.Data\Acontplus.Data.csproj", "{E17BA5EC-FF0B-7DC4-8BAB-C4CE9CB18A95}"
EndProject
Project("{FAE04EC0-301F-11D3-BF4B-00C04F79EFBC}") = "Acontplus.ApiDocumentation", "Acontplus.ApiDocumentation\Acontplus.ApiDocumentation.csproj", "{520EDD52-9358-57F9-BAF8-8BACC5376C6F}"
EndProject
Project("{FAE04EC0-301F-11D3-BF4B-00C04F79EFBC}") = "Acontplus.Barcode", "Acontplus.Barcode\Acontplus.Barcode.csproj", "{B6BCEF2F-2E36-2DEF-2EF7-662B05CCAFC6}"
EndProject
Project("{FAE04EC0-301F-11D3-BF4B-00C04F79EFBC}") = "Acontplus.FactElect", "Acontplus.FactElect\Acontplus.FactElect.csproj", "{A38AB64C-0478-CD0C-CEC6-7EB50E132B2A}"
EndProject
Project("{FAE04EC0-301F-11D3-BF4B-00C04F79EFBC}") = "Acontplus.Notifications", "Acontplus.Notifications\Acontplus.Notifications.csproj", "{5A36A84D-5297-B5F0-EC81-5C41BFC6AFA4}"
EndProject
Project("{FAE04EC0-301F-11D3-BF4B-00C04F79EFBC}") = "Acontplus.Logging", "Acontplus.Logging\Acontplus.Logging.csproj", "{401435FD-9405-4083-2D4A-DF8951CAFD2D}"
EndProject
Project("{FAE04EC0-301F-11D3-BF4B-00C04F79EFBC}") = "Acontplus.Reports", "Acontplus.Reports\Acontplus.Reports.csproj", "{F285A39C-68EB-22C9-AEEB-F9B7F93E4984}"
EndProject
Project("{FAE04EC0-301F-11D3-BF4B-00C04F79EFBC}") = "Acontplus.Services", "Acontplus.Services\Acontplus.Services.csproj", "{B8243445-B19D-B8EA-3EC0-CE1658D1F659}"
EndProject
Project("{FAE04EC0-301F-11D3-BF4B-00C04F79EFBC}") = "Acontplus.S3Application", "Acontplus.S3Application\Acontplus.S3Application.csproj", "{D3906AF8-C8CA-EFF2-BFBF-0F2B10E4BB8E}"
EndProject
Global
	GlobalSection(SolutionConfigurationPlatforms) = preSolution
		Debug|Any CPU = Debug|Any CPU
		Release|Any CPU = Release|Any CPU
	EndGlobalSection
	GlobalSection(ProjectConfigurationPlatforms) = postSolution
		{6FBFE6F3-28D5-44B2-0471-3BB668F24C23}.Debug|Any CPU.ActiveCfg = Debug|Any CPU
		{6FBFE6F3-28D5-44B2-0471-3BB668F24C23}.Debug|Any CPU.Build.0 = Debug|Any CPU
		{6FBFE6F3-28D5-44B2-0471-3BB668F24C23}.Release|Any CPU.ActiveCfg = Release|Any CPU
		{6FBFE6F3-28D5-44B2-0471-3BB668F24C23}.Release|Any CPU.Build.0 = Release|Any CPU
		{B57B293E-20B6-028E-5EBC-DED146E17B37}.Debug|Any CPU.ActiveCfg = Debug|Any CPU
		{B57B293E-20B6-028E-5EBC-DED146E17B37}.Debug|Any CPU.Build.0 = Debug|Any CPU
		{B57B293E-20B6-028E-5EBC-DED146E17B37}.Release|Any CPU.ActiveCfg = Release|Any CPU
		{B57B293E-20B6-028E-5EBC-DED146E17B37}.Release|Any CPU.Build.0 = Release|Any CPU
		{56D2CF3E-2766-03BB-BE49-330B994B03BE}.Debug|Any CPU.ActiveCfg = Debug|Any CPU
		{56D2CF3E-2766-03BB-BE49-330B994B03BE}.Debug|Any CPU.Build.0 = Debug|Any CPU
		{56D2CF3E-2766-03BB-BE49-330B994B03BE}.Release|Any CPU.ActiveCfg = Release|Any CPU
		{56D2CF3E-2766-03BB-BE49-330B994B03BE}.Release|Any CPU.Build.0 = Release|Any CPU
		{E17BA5EC-FF0B-7DC4-8BAB-C4CE9CB18A95}.Debug|Any CPU.ActiveCfg = Debug|Any CPU
		{E17BA5EC-FF0B-7DC4-8BAB-C4CE9CB18A95}.Debug|Any CPU.Build.0 = Debug|Any CPU
		{E17BA5EC-FF0B-7DC4-8BAB-C4CE9CB18A95}.Release|Any CPU.ActiveCfg = Release|Any CPU
		{E17BA5EC-FF0B-7DC4-8BAB-C4CE9CB18A95}.Release|Any CPU.Build.0 = Release|Any CPU
		{520EDD52-9358-57F9-BAF8-8BACC5376C6F}.Debug|Any CPU.ActiveCfg = Debug|Any CPU
		{520EDD52-9358-57F9-BAF8-8BACC5376C6F}.Debug|Any CPU.Build.0 = Debug|Any CPU
		{520EDD52-9358-57F9-BAF8-8BACC5376C6F}.Release|Any CPU.ActiveCfg = Release|Any CPU
		{520EDD52-9358-57F9-BAF8-8BACC5376C6F}.Release|Any CPU.Build.0 = Release|Any CPU
		{B6BCEF2F-2E36-2DEF-2EF7-662B05CCAFC6}.Debug|Any CPU.ActiveCfg = Debug|Any CPU
		{B6BCEF2F-2E36-2DEF-2EF7-662B05CCAFC6}.Debug|Any CPU.Build.0 = Debug|Any CPU
		{B6BCEF2F-2E36-2DEF-2EF7-662B05CCAFC6}.Release|Any CPU.ActiveCfg = Release|Any CPU
		{B6BCEF2F-2E36-2DEF-2EF7-662B05CCAFC6}.Release|Any CPU.Build.0 = Release|Any CPU
		{A38AB64C-0478-CD0C-CEC6-7EB50E132B2A}.Debug|Any CPU.ActiveCfg = Debug|Any CPU
		{A38AB64C-0478-CD0C-CEC6-7EB50E132B2A}.Debug|Any CPU.Build.0 = Debug|Any CPU
		{A38AB64C-0478-CD0C-CEC6-7EB50E132B2A}.Release|Any CPU.ActiveCfg = Release|Any CPU
		{A38AB64C-0478-CD0C-CEC6-7EB50E132B2A}.Release|Any CPU.Build.0 = Release|Any CPU
		{5A36A84D-5297-B5F0-EC81-5C41BFC6AFA4}.Debug|Any CPU.ActiveCfg = Debug|Any CPU
		{5A36A84D-5297-B5F0-EC81-5C41BFC6AFA4}.Debug|Any CPU.Build.0 = Debug|Any CPU
		{5A36A84D-5297-B5F0-EC81-5C41BFC6AFA4}.Release|Any CPU.ActiveCfg = Release|Any CPU
		{5A36A84D-5297-B5F0-EC81-5C41BFC6AFA4}.Release|Any CPU.Build.0 = Release|Any CPU
		{401435FD-9405-4083-2D4A-DF8951CAFD2D}.Debug|Any CPU.ActiveCfg = Debug|Any CPU
		{401435FD-9405-4083-2D4A-DF8951CAFD2D}.Debug|Any CPU.Build.0 = Debug|Any CPU
		{401435FD-9405-4083-2D4A-DF8951CAFD2D}.Release|Any CPU.ActiveCfg = Release|Any CPU
		{401435FD-9405-4083-2D4A-DF8951CAFD2D}.Release|Any CPU.Build.0 = Release|Any CPU
		{F285A39C-68EB-22C9-AEEB-F9B7F93E4984}.Debug|Any CPU.ActiveCfg = Debug|Any CPU
		{F285A39C-68EB-22C9-AEEB-F9B7F93E4984}.Debug|Any CPU.Build.0 = Debug|Any CPU
		{F285A39C-68EB-22C9-AEEB-F9B7F93E4984}.Release|Any CPU.ActiveCfg = Release|Any CPU
		{F285A39C-68EB-22C9-AEEB-F9B7F93E4984}.Release|Any CPU.Build.0 = Release|Any CPU
		{B8243445-B19D-B8EA-3EC0-CE1658D1F659}.Debug|Any CPU.ActiveCfg = Debug|Any CPU
		{B8243445-B19D-B8EA-3EC0-CE1658D1F659}.Debug|Any CPU.Build.0 = Debug|Any CPU
		{B8243445-B19D-B8EA-3EC0-CE1658D1F659}.Release|Any CPU.ActiveCfg = Release|Any CPU
		{B8243445-B19D-B8EA-3EC0-CE1658D1F659}.Release|Any CPU.Build.0 = Release|Any CPU
		{D3906AF8-C8CA-EFF2-BFBF-0F2B10E4BB8E}.Debug|Any CPU.ActiveCfg = Debug|Any CPU
		{D3906AF8-C8CA-EFF2-BFBF-0F2B10E4BB8E}.Debug|Any CPU.Build.0 = Debug|Any CPU
		{D3906AF8-C8CA-EFF2-BFBF-0F2B10E4BB8E}.Release|Any CPU.ActiveCfg = Release|Any CPU
		{D3906AF8-C8CA-EFF2-BFBF-0F2B10E4BB8E}.Release|Any CPU.Build.0 = Release|Any CPU
	EndGlobalSection
	GlobalSection(SolutionProperties) = preSolution
		HideSolutionNode = FALSE
	EndGlobalSection
	GlobalSection(ExtensibilityGlobals) = postSolution
		SolutionGuid = {1EDD6A9D-1770-4385-AADB-26C6AEDD8C12}
	EndGlobalSection
EndGlobal
