
Microsoft Visual Studio Solution File, Format Version 12.00
# Visual Studio Version 17
VisualStudioVersion = 17.0.31903.59
MinimumVisualStudioVersion = 10.0.40219.1
Project("{2150E333-8FDC-42A3-9474-1A3956D46DE8}") = "Solution Items", "Solution Items", "{8EC462FD-D22E-90A8-E5CE-7E832BA40C5D}"
	ProjectSection(SolutionItems) = preProject
		Directory.Packages.props = Directory.Packages.props
		Nuget.config = Nuget.config
	EndProjectSection
EndProject
Project("{2150E333-8FDC-42A3-9474-1A3956D46DE8}") = "src", "src", "{02EA681E-C7D8-13C7-8484-4AC65E1B71E8}"
EndProject
Project("{2150E333-8FDC-42A3-9474-1A3956D46DE8}") = "apps", "apps", "{802C95C5-F8AA-4136-A298-261105286C93}"
EndProject
Project("{FAE04EC0-301F-11D3-BF4B-00C04F79EFBC}") = "Acontplus.ApiDocumentation", "src\Acontplus.ApiDocumentation\Acontplus.ApiDocumentation.csproj", "{9DFE0D14-B26C-CB42-875C-C6E80532E820}"
EndProject
Project("{FAE04EC0-301F-11D3-BF4B-00C04F79EFBC}") = "Acontplus.Barcode", "src\Acontplus.Barcode\Acontplus.Barcode.csproj", "{C6158EC5-19FE-DC80-7E3E-44B801D9078C}"
EndProject
Project("{FAE04EC0-301F-11D3-BF4B-00C04F79EFBC}") = "Acontplus.Core", "src\Acontplus.Core\Acontplus.Core.csproj", "{23AFE591-5603-72EC-8BAA-8242265D0F10}"
EndProject
Project("{FAE04EC0-301F-11D3-BF4B-00C04F79EFBC}") = "Acontplus.FactElect", "src\Acontplus.FactElect\Acontplus.FactElect.csproj", "{D7908B14-F8BE-A545-DE6B-14FF3A7ABBB2}"
EndProject
Project("{FAE04EC0-301F-11D3-BF4B-00C04F79EFBC}") = "Acontplus.Logging", "src\Acontplus.Logging\Acontplus.Logging.csproj", "{077C7D11-3D2E-4A7D-5B77-C5F2E543E1E5}"
EndProject
Project("{FAE04EC0-301F-11D3-BF4B-00C04F79EFBC}") = "Acontplus.Notifications", "src\Acontplus.Notifications\Acontplus.Notifications.csproj", "{769B0716-6F85-9842-F2CA-05C8C6E58E09}"
EndProject
Project("{FAE04EC0-301F-11D3-BF4B-00C04F79EFBC}") = "Acontplus.Persistence.SqlServer", "src\Acontplus.Persistence.SqlServer\Acontplus.Persistence.SqlServer.csproj", "{AAE8CEFD-4FFA-2812-8883-A86E1A8D6488}"
EndProject
Project("{FAE04EC0-301F-11D3-BF4B-00C04F79EFBC}") = "Acontplus.Reports", "src\Acontplus.Reports\Acontplus.Reports.csproj", "{AB8264EF-827A-672E-5E5E-642EAE9DAB2F}"
EndProject
Project("{FAE04EC0-301F-11D3-BF4B-00C04F79EFBC}") = "Acontplus.S3Application", "src\Acontplus.S3Application\Acontplus.S3Application.csproj", "{62642EA1-8952-91FF-9D17-C93003CA79A5}"
EndProject
Project("{FAE04EC0-301F-11D3-BF4B-00C04F79EFBC}") = "Acontplus.Services", "src\Acontplus.Services\Acontplus.Services.csproj", "{01BE79F0-67E1-71F4-E132-2D00CA188939}"
EndProject
Project("{FAE04EC0-301F-11D3-BF4B-00C04F79EFBC}") = "Acontplus.Utilities", "src\Acontplus.Utilities\Acontplus.Utilities.csproj", "{6AB9E932-EC68-8E75-A848-D1C44A13B079}"
EndProject
Project("{FAE04EC0-301F-11D3-BF4B-00C04F79EFBC}") = "Acontplus.TestApplication", "apps\src\Acontplus.TestApplication\Acontplus.TestApplication.csproj", "{53A15FD1-247B-1239-3B72-31DB09487B0C}"
EndProject
Project("{FAE04EC0-301F-11D3-BF4B-00C04F79EFBC}") = "Acontplus.TestDomain", "apps\src\Acontplus.TestDomain\Acontplus.TestDomain.csproj", "{DB059BD9-CF37-527A-EB68-A6527ED40B88}"
EndProject
Project("{FAE04EC0-301F-11D3-BF4B-00C04F79EFBC}") = "Acontplus.TestInfrastructure", "apps\src\Acontplus.TestInfrastructure\Acontplus.TestInfrastructure.csproj", "{D8D945A8-EDC7-42D4-9353-7A7EE8DE4F58}"
EndProject
Project("{FAE04EC0-301F-11D3-BF4B-00C04F79EFBC}") = "Acontplus.TestApi", "apps\src\Acontplus.TestApi\Acontplus.TestApi.csproj", "{18821081-AC99-58B3-FD8A-08E0C0F9F22D}"
EndProject
Project("{FAE04EC0-301F-11D3-BF4B-00C04F79EFBC}") = "Acontplus.Persistence.Postgres", "src\Acontplus.Persistence.Postgres\Acontplus.Persistence.Postgres.csproj", "{D6B82683-7DAE-4804-AE1F-477B892E197D}"
EndProject
Global
	GlobalSection(SolutionConfigurationPlatforms) = preSolution
		Debug|Any CPU = Debug|Any CPU
		Debug|x64 = Debug|x64
		Debug|x86 = Debug|x86
		Release|Any CPU = Release|Any CPU
		Release|x64 = Release|x64
		Release|x86 = Release|x86
	EndGlobalSection
	GlobalSection(ProjectConfigurationPlatforms) = postSolution
		{9DFE0D14-B26C-CB42-875C-C6E80532E820}.Debug|Any CPU.ActiveCfg = Debug|Any CPU
		{9DFE0D14-B26C-CB42-875C-C6E80532E820}.Debug|Any CPU.Build.0 = Debug|Any CPU
		{9DFE0D14-B26C-CB42-875C-C6E80532E820}.Debug|x64.ActiveCfg = Debug|Any CPU
		{9DFE0D14-B26C-CB42-875C-C6E80532E820}.Debug|x64.Build.0 = Debug|Any CPU
		{9DFE0D14-B26C-CB42-875C-C6E80532E820}.Debug|x86.ActiveCfg = Debug|Any CPU
		{9DFE0D14-B26C-CB42-875C-C6E80532E820}.Debug|x86.Build.0 = Debug|Any CPU
		{9DFE0D14-B26C-CB42-875C-C6E80532E820}.Release|Any CPU.ActiveCfg = Release|Any CPU
		{9DFE0D14-B26C-CB42-875C-C6E80532E820}.Release|Any CPU.Build.0 = Release|Any CPU
		{9DFE0D14-B26C-CB42-875C-C6E80532E820}.Release|x64.ActiveCfg = Release|Any CPU
		{9DFE0D14-B26C-CB42-875C-C6E80532E820}.Release|x64.Build.0 = Release|Any CPU
		{9DFE0D14-B26C-CB42-875C-C6E80532E820}.Release|x86.ActiveCfg = Release|Any CPU
		{9DFE0D14-B26C-CB42-875C-C6E80532E820}.Release|x86.Build.0 = Release|Any CPU
		{C6158EC5-19FE-DC80-7E3E-44B801D9078C}.Debug|Any CPU.ActiveCfg = Debug|Any CPU
		{C6158EC5-19FE-DC80-7E3E-44B801D9078C}.Debug|Any CPU.Build.0 = Debug|Any CPU
		{C6158EC5-19FE-DC80-7E3E-44B801D9078C}.Debug|x64.ActiveCfg = Debug|Any CPU
		{C6158EC5-19FE-DC80-7E3E-44B801D9078C}.Debug|x64.Build.0 = Debug|Any CPU
		{C6158EC5-19FE-DC80-7E3E-44B801D9078C}.Debug|x86.ActiveCfg = Debug|Any CPU
		{C6158EC5-19FE-DC80-7E3E-44B801D9078C}.Debug|x86.Build.0 = Debug|Any CPU
		{C6158EC5-19FE-DC80-7E3E-44B801D9078C}.Release|Any CPU.ActiveCfg = Release|Any CPU
		{C6158EC5-19FE-DC80-7E3E-44B801D9078C}.Release|Any CPU.Build.0 = Release|Any CPU
		{C6158EC5-19FE-DC80-7E3E-44B801D9078C}.Release|x64.ActiveCfg = Release|Any CPU
		{C6158EC5-19FE-DC80-7E3E-44B801D9078C}.Release|x64.Build.0 = Release|Any CPU
		{C6158EC5-19FE-DC80-7E3E-44B801D9078C}.Release|x86.ActiveCfg = Release|Any CPU
		{C6158EC5-19FE-DC80-7E3E-44B801D9078C}.Release|x86.Build.0 = Release|Any CPU
		{23AFE591-5603-72EC-8BAA-8242265D0F10}.Debug|Any CPU.ActiveCfg = Debug|Any CPU
		{23AFE591-5603-72EC-8BAA-8242265D0F10}.Debug|Any CPU.Build.0 = Debug|Any CPU
		{23AFE591-5603-72EC-8BAA-8242265D0F10}.Debug|x64.ActiveCfg = Debug|Any CPU
		{23AFE591-5603-72EC-8BAA-8242265D0F10}.Debug|x64.Build.0 = Debug|Any CPU
		{23AFE591-5603-72EC-8BAA-8242265D0F10}.Debug|x86.ActiveCfg = Debug|Any CPU
		{23AFE591-5603-72EC-8BAA-8242265D0F10}.Debug|x86.Build.0 = Debug|Any CPU
		{23AFE591-5603-72EC-8BAA-8242265D0F10}.Release|Any CPU.ActiveCfg = Release|Any CPU
		{23AFE591-5603-72EC-8BAA-8242265D0F10}.Release|Any CPU.Build.0 = Release|Any CPU
		{23AFE591-5603-72EC-8BAA-8242265D0F10}.Release|x64.ActiveCfg = Release|Any CPU
		{23AFE591-5603-72EC-8BAA-8242265D0F10}.Release|x64.Build.0 = Release|Any CPU
		{23AFE591-5603-72EC-8BAA-8242265D0F10}.Release|x86.ActiveCfg = Release|Any CPU
		{23AFE591-5603-72EC-8BAA-8242265D0F10}.Release|x86.Build.0 = Release|Any CPU
		{D7908B14-F8BE-A545-DE6B-14FF3A7ABBB2}.Debug|Any CPU.ActiveCfg = Debug|Any CPU
		{D7908B14-F8BE-A545-DE6B-14FF3A7ABBB2}.Debug|Any CPU.Build.0 = Debug|Any CPU
		{D7908B14-F8BE-A545-DE6B-14FF3A7ABBB2}.Debug|x64.ActiveCfg = Debug|Any CPU
		{D7908B14-F8BE-A545-DE6B-14FF3A7ABBB2}.Debug|x64.Build.0 = Debug|Any CPU
		{D7908B14-F8BE-A545-DE6B-14FF3A7ABBB2}.Debug|x86.ActiveCfg = Debug|Any CPU
		{D7908B14-F8BE-A545-DE6B-14FF3A7ABBB2}.Debug|x86.Build.0 = Debug|Any CPU
		{D7908B14-F8BE-A545-DE6B-14FF3A7ABBB2}.Release|Any CPU.ActiveCfg = Release|Any CPU
		{D7908B14-F8BE-A545-DE6B-14FF3A7ABBB2}.Release|Any CPU.Build.0 = Release|Any CPU
		{D7908B14-F8BE-A545-DE6B-14FF3A7ABBB2}.Release|x64.ActiveCfg = Release|Any CPU
		{D7908B14-F8BE-A545-DE6B-14FF3A7ABBB2}.Release|x64.Build.0 = Release|Any CPU
		{D7908B14-F8BE-A545-DE6B-14FF3A7ABBB2}.Release|x86.ActiveCfg = Release|Any CPU
		{D7908B14-F8BE-A545-DE6B-14FF3A7ABBB2}.Release|x86.Build.0 = Release|Any CPU
		{077C7D11-3D2E-4A7D-5B77-C5F2E543E1E5}.Debug|Any CPU.ActiveCfg = Debug|Any CPU
		{077C7D11-3D2E-4A7D-5B77-C5F2E543E1E5}.Debug|Any CPU.Build.0 = Debug|Any CPU
		{077C7D11-3D2E-4A7D-5B77-C5F2E543E1E5}.Debug|x64.ActiveCfg = Debug|Any CPU
		{077C7D11-3D2E-4A7D-5B77-C5F2E543E1E5}.Debug|x64.Build.0 = Debug|Any CPU
		{077C7D11-3D2E-4A7D-5B77-C5F2E543E1E5}.Debug|x86.ActiveCfg = Debug|Any CPU
		{077C7D11-3D2E-4A7D-5B77-C5F2E543E1E5}.Debug|x86.Build.0 = Debug|Any CPU
		{077C7D11-3D2E-4A7D-5B77-C5F2E543E1E5}.Release|Any CPU.ActiveCfg = Release|Any CPU
		{077C7D11-3D2E-4A7D-5B77-C5F2E543E1E5}.Release|Any CPU.Build.0 = Release|Any CPU
		{077C7D11-3D2E-4A7D-5B77-C5F2E543E1E5}.Release|x64.ActiveCfg = Release|Any CPU
		{077C7D11-3D2E-4A7D-5B77-C5F2E543E1E5}.Release|x64.Build.0 = Release|Any CPU
		{077C7D11-3D2E-4A7D-5B77-C5F2E543E1E5}.Release|x86.ActiveCfg = Release|Any CPU
		{077C7D11-3D2E-4A7D-5B77-C5F2E543E1E5}.Release|x86.Build.0 = Release|Any CPU
		{769B0716-6F85-9842-F2CA-05C8C6E58E09}.Debug|Any CPU.ActiveCfg = Debug|Any CPU
		{769B0716-6F85-9842-F2CA-05C8C6E58E09}.Debug|Any CPU.Build.0 = Debug|Any CPU
		{769B0716-6F85-9842-F2CA-05C8C6E58E09}.Debug|x64.ActiveCfg = Debug|Any CPU
		{769B0716-6F85-9842-F2CA-05C8C6E58E09}.Debug|x64.Build.0 = Debug|Any CPU
		{769B0716-6F85-9842-F2CA-05C8C6E58E09}.Debug|x86.ActiveCfg = Debug|Any CPU
		{769B0716-6F85-9842-F2CA-05C8C6E58E09}.Debug|x86.Build.0 = Debug|Any CPU
		{769B0716-6F85-9842-F2CA-05C8C6E58E09}.Release|Any CPU.ActiveCfg = Release|Any CPU
		{769B0716-6F85-9842-F2CA-05C8C6E58E09}.Release|Any CPU.Build.0 = Release|Any CPU
		{769B0716-6F85-9842-F2CA-05C8C6E58E09}.Release|x64.ActiveCfg = Release|Any CPU
		{769B0716-6F85-9842-F2CA-05C8C6E58E09}.Release|x64.Build.0 = Release|Any CPU
		{769B0716-6F85-9842-F2CA-05C8C6E58E09}.Release|x86.ActiveCfg = Release|Any CPU
		{769B0716-6F85-9842-F2CA-05C8C6E58E09}.Release|x86.Build.0 = Release|Any CPU
		{AAE8CEFD-4FFA-2812-8883-A86E1A8D6488}.Debug|Any CPU.ActiveCfg = Debug|Any CPU
		{AAE8CEFD-4FFA-2812-8883-A86E1A8D6488}.Debug|Any CPU.Build.0 = Debug|Any CPU
		{AAE8CEFD-4FFA-2812-8883-A86E1A8D6488}.Debug|x64.ActiveCfg = Debug|Any CPU
		{AAE8CEFD-4FFA-2812-8883-A86E1A8D6488}.Debug|x64.Build.0 = Debug|Any CPU
		{AAE8CEFD-4FFA-2812-8883-A86E1A8D6488}.Debug|x86.ActiveCfg = Debug|Any CPU
		{AAE8CEFD-4FFA-2812-8883-A86E1A8D6488}.Debug|x86.Build.0 = Debug|Any CPU
		{AAE8CEFD-4FFA-2812-8883-A86E1A8D6488}.Release|Any CPU.ActiveCfg = Release|Any CPU
		{AAE8CEFD-4FFA-2812-8883-A86E1A8D6488}.Release|Any CPU.Build.0 = Release|Any CPU
		{AAE8CEFD-4FFA-2812-8883-A86E1A8D6488}.Release|x64.ActiveCfg = Release|Any CPU
		{AAE8CEFD-4FFA-2812-8883-A86E1A8D6488}.Release|x64.Build.0 = Release|Any CPU
		{AAE8CEFD-4FFA-2812-8883-A86E1A8D6488}.Release|x86.ActiveCfg = Release|Any CPU
		{AAE8CEFD-4FFA-2812-8883-A86E1A8D6488}.Release|x86.Build.0 = Release|Any CPU
		{AB8264EF-827A-672E-5E5E-642EAE9DAB2F}.Debug|Any CPU.ActiveCfg = Debug|Any CPU
		{AB8264EF-827A-672E-5E5E-642EAE9DAB2F}.Debug|Any CPU.Build.0 = Debug|Any CPU
		{AB8264EF-827A-672E-5E5E-642EAE9DAB2F}.Debug|x64.ActiveCfg = Debug|Any CPU
		{AB8264EF-827A-672E-5E5E-642EAE9DAB2F}.Debug|x64.Build.0 = Debug|Any CPU
		{AB8264EF-827A-672E-5E5E-642EAE9DAB2F}.Debug|x86.ActiveCfg = Debug|Any CPU
		{AB8264EF-827A-672E-5E5E-642EAE9DAB2F}.Debug|x86.Build.0 = Debug|Any CPU
		{AB8264EF-827A-672E-5E5E-642EAE9DAB2F}.Release|Any CPU.ActiveCfg = Release|Any CPU
		{AB8264EF-827A-672E-5E5E-642EAE9DAB2F}.Release|Any CPU.Build.0 = Release|Any CPU
		{AB8264EF-827A-672E-5E5E-642EAE9DAB2F}.Release|x64.ActiveCfg = Release|Any CPU
		{AB8264EF-827A-672E-5E5E-642EAE9DAB2F}.Release|x64.Build.0 = Release|Any CPU
		{AB8264EF-827A-672E-5E5E-642EAE9DAB2F}.Release|x86.ActiveCfg = Release|Any CPU
		{AB8264EF-827A-672E-5E5E-642EAE9DAB2F}.Release|x86.Build.0 = Release|Any CPU
		{62642EA1-8952-91FF-9D17-C93003CA79A5}.Debug|Any CPU.ActiveCfg = Debug|Any CPU
		{62642EA1-8952-91FF-9D17-C93003CA79A5}.Debug|Any CPU.Build.0 = Debug|Any CPU
		{62642EA1-8952-91FF-9D17-C93003CA79A5}.Debug|x64.ActiveCfg = Debug|Any CPU
		{62642EA1-8952-91FF-9D17-C93003CA79A5}.Debug|x64.Build.0 = Debug|Any CPU
		{62642EA1-8952-91FF-9D17-C93003CA79A5}.Debug|x86.ActiveCfg = Debug|Any CPU
		{62642EA1-8952-91FF-9D17-C93003CA79A5}.Debug|x86.Build.0 = Debug|Any CPU
		{62642EA1-8952-91FF-9D17-C93003CA79A5}.Release|Any CPU.ActiveCfg = Release|Any CPU
		{62642EA1-8952-91FF-9D17-C93003CA79A5}.Release|Any CPU.Build.0 = Release|Any CPU
		{62642EA1-8952-91FF-9D17-C93003CA79A5}.Release|x64.ActiveCfg = Release|Any CPU
		{62642EA1-8952-91FF-9D17-C93003CA79A5}.Release|x64.Build.0 = Release|Any CPU
		{62642EA1-8952-91FF-9D17-C93003CA79A5}.Release|x86.ActiveCfg = Release|Any CPU
		{62642EA1-8952-91FF-9D17-C93003CA79A5}.Release|x86.Build.0 = Release|Any CPU
		{01BE79F0-67E1-71F4-E132-2D00CA188939}.Debug|Any CPU.ActiveCfg = Debug|Any CPU
		{01BE79F0-67E1-71F4-E132-2D00CA188939}.Debug|Any CPU.Build.0 = Debug|Any CPU
		{01BE79F0-67E1-71F4-E132-2D00CA188939}.Debug|x64.ActiveCfg = Debug|Any CPU
		{01BE79F0-67E1-71F4-E132-2D00CA188939}.Debug|x64.Build.0 = Debug|Any CPU
		{01BE79F0-67E1-71F4-E132-2D00CA188939}.Debug|x86.ActiveCfg = Debug|Any CPU
		{01BE79F0-67E1-71F4-E132-2D00CA188939}.Debug|x86.Build.0 = Debug|Any CPU
		{01BE79F0-67E1-71F4-E132-2D00CA188939}.Release|Any CPU.ActiveCfg = Release|Any CPU
		{01BE79F0-67E1-71F4-E132-2D00CA188939}.Release|Any CPU.Build.0 = Release|Any CPU
		{01BE79F0-67E1-71F4-E132-2D00CA188939}.Release|x64.ActiveCfg = Release|Any CPU
		{01BE79F0-67E1-71F4-E132-2D00CA188939}.Release|x64.Build.0 = Release|Any CPU
		{01BE79F0-67E1-71F4-E132-2D00CA188939}.Release|x86.ActiveCfg = Release|Any CPU
		{01BE79F0-67E1-71F4-E132-2D00CA188939}.Release|x86.Build.0 = Release|Any CPU
		{6AB9E932-EC68-8E75-A848-D1C44A13B079}.Debug|Any CPU.ActiveCfg = Debug|Any CPU
		{6AB9E932-EC68-8E75-A848-D1C44A13B079}.Debug|Any CPU.Build.0 = Debug|Any CPU
		{6AB9E932-EC68-8E75-A848-D1C44A13B079}.Debug|x64.ActiveCfg = Debug|Any CPU
		{6AB9E932-EC68-8E75-A848-D1C44A13B079}.Debug|x64.Build.0 = Debug|Any CPU
		{6AB9E932-EC68-8E75-A848-D1C44A13B079}.Debug|x86.ActiveCfg = Debug|Any CPU
		{6AB9E932-EC68-8E75-A848-D1C44A13B079}.Debug|x86.Build.0 = Debug|Any CPU
		{6AB9E932-EC68-8E75-A848-D1C44A13B079}.Release|Any CPU.ActiveCfg = Release|Any CPU
		{6AB9E932-EC68-8E75-A848-D1C44A13B079}.Release|Any CPU.Build.0 = Release|Any CPU
		{6AB9E932-EC68-8E75-A848-D1C44A13B079}.Release|x64.ActiveCfg = Release|Any CPU
		{6AB9E932-EC68-8E75-A848-D1C44A13B079}.Release|x64.Build.0 = Release|Any CPU
		{6AB9E932-EC68-8E75-A848-D1C44A13B079}.Release|x86.ActiveCfg = Release|Any CPU
		{6AB9E932-EC68-8E75-A848-D1C44A13B079}.Release|x86.Build.0 = Release|Any CPU
		{53A15FD1-247B-1239-3B72-31DB09487B0C}.Debug|Any CPU.ActiveCfg = Debug|Any CPU
		{53A15FD1-247B-1239-3B72-31DB09487B0C}.Debug|Any CPU.Build.0 = Debug|Any CPU
		{53A15FD1-247B-1239-3B72-31DB09487B0C}.Debug|x64.ActiveCfg = Debug|Any CPU
		{53A15FD1-247B-1239-3B72-31DB09487B0C}.Debug|x64.Build.0 = Debug|Any CPU
		{53A15FD1-247B-1239-3B72-31DB09487B0C}.Debug|x86.ActiveCfg = Debug|Any CPU
		{53A15FD1-247B-1239-3B72-31DB09487B0C}.Debug|x86.Build.0 = Debug|Any CPU
		{53A15FD1-247B-1239-3B72-31DB09487B0C}.Release|Any CPU.ActiveCfg = Release|Any CPU
		{53A15FD1-247B-1239-3B72-31DB09487B0C}.Release|Any CPU.Build.0 = Release|Any CPU
		{53A15FD1-247B-1239-3B72-31DB09487B0C}.Release|x64.ActiveCfg = Release|Any CPU
		{53A15FD1-247B-1239-3B72-31DB09487B0C}.Release|x64.Build.0 = Release|Any CPU
		{53A15FD1-247B-1239-3B72-31DB09487B0C}.Release|x86.ActiveCfg = Release|Any CPU
		{53A15FD1-247B-1239-3B72-31DB09487B0C}.Release|x86.Build.0 = Release|Any CPU
		{DB059BD9-CF37-527A-EB68-A6527ED40B88}.Debug|Any CPU.ActiveCfg = Debug|Any CPU
		{DB059BD9-CF37-527A-EB68-A6527ED40B88}.Debug|Any CPU.Build.0 = Debug|Any CPU
		{DB059BD9-CF37-527A-EB68-A6527ED40B88}.Debug|x64.ActiveCfg = Debug|Any CPU
		{DB059BD9-CF37-527A-EB68-A6527ED40B88}.Debug|x64.Build.0 = Debug|Any CPU
		{DB059BD9-CF37-527A-EB68-A6527ED40B88}.Debug|x86.ActiveCfg = Debug|Any CPU
		{DB059BD9-CF37-527A-EB68-A6527ED40B88}.Debug|x86.Build.0 = Debug|Any CPU
		{DB059BD9-CF37-527A-EB68-A6527ED40B88}.Release|Any CPU.ActiveCfg = Release|Any CPU
		{DB059BD9-CF37-527A-EB68-A6527ED40B88}.Release|Any CPU.Build.0 = Release|Any CPU
		{DB059BD9-CF37-527A-EB68-A6527ED40B88}.Release|x64.ActiveCfg = Release|Any CPU
		{DB059BD9-CF37-527A-EB68-A6527ED40B88}.Release|x64.Build.0 = Release|Any CPU
		{DB059BD9-CF37-527A-EB68-A6527ED40B88}.Release|x86.ActiveCfg = Release|Any CPU
		{DB059BD9-CF37-527A-EB68-A6527ED40B88}.Release|x86.Build.0 = Release|Any CPU
		{D8D945A8-EDC7-42D4-9353-7A7EE8DE4F58}.Debug|Any CPU.ActiveCfg = Debug|Any CPU
		{D8D945A8-EDC7-42D4-9353-7A7EE8DE4F58}.Debug|Any CPU.Build.0 = Debug|Any CPU
		{D8D945A8-EDC7-42D4-9353-7A7EE8DE4F58}.Debug|x64.ActiveCfg = Debug|Any CPU
		{D8D945A8-EDC7-42D4-9353-7A7EE8DE4F58}.Debug|x64.Build.0 = Debug|Any CPU
		{D8D945A8-EDC7-42D4-9353-7A7EE8DE4F58}.Debug|x86.ActiveCfg = Debug|Any CPU
		{D8D945A8-EDC7-42D4-9353-7A7EE8DE4F58}.Debug|x86.Build.0 = Debug|Any CPU
		{D8D945A8-EDC7-42D4-9353-7A7EE8DE4F58}.Release|Any CPU.ActiveCfg = Release|Any CPU
		{D8D945A8-EDC7-42D4-9353-7A7EE8DE4F58}.Release|Any CPU.Build.0 = Release|Any CPU
		{D8D945A8-EDC7-42D4-9353-7A7EE8DE4F58}.Release|x64.ActiveCfg = Release|Any CPU
		{D8D945A8-EDC7-42D4-9353-7A7EE8DE4F58}.Release|x64.Build.0 = Release|Any CPU
		{D8D945A8-EDC7-42D4-9353-7A7EE8DE4F58}.Release|x86.ActiveCfg = Release|Any CPU
		{D8D945A8-EDC7-42D4-9353-7A7EE8DE4F58}.Release|x86.Build.0 = Release|Any CPU
		{18821081-AC99-58B3-FD8A-08E0C0F9F22D}.Debug|Any CPU.ActiveCfg = Debug|Any CPU
		{18821081-AC99-58B3-FD8A-08E0C0F9F22D}.Debug|Any CPU.Build.0 = Debug|Any CPU
		{18821081-AC99-58B3-FD8A-08E0C0F9F22D}.Debug|x64.ActiveCfg = Debug|Any CPU
		{18821081-AC99-58B3-FD8A-08E0C0F9F22D}.Debug|x64.Build.0 = Debug|Any CPU
		{18821081-AC99-58B3-FD8A-08E0C0F9F22D}.Debug|x86.ActiveCfg = Debug|Any CPU
		{18821081-AC99-58B3-FD8A-08E0C0F9F22D}.Debug|x86.Build.0 = Debug|Any CPU
		{18821081-AC99-58B3-FD8A-08E0C0F9F22D}.Release|Any CPU.ActiveCfg = Release|Any CPU
		{18821081-AC99-58B3-FD8A-08E0C0F9F22D}.Release|Any CPU.Build.0 = Release|Any CPU
		{18821081-AC99-58B3-FD8A-08E0C0F9F22D}.Release|x64.ActiveCfg = Release|Any CPU
		{18821081-AC99-58B3-FD8A-08E0C0F9F22D}.Release|x64.Build.0 = Release|Any CPU
		{18821081-AC99-58B3-FD8A-08E0C0F9F22D}.Release|x86.ActiveCfg = Release|Any CPU
		{18821081-AC99-58B3-FD8A-08E0C0F9F22D}.Release|x86.Build.0 = Release|Any CPU
		{D6B82683-7DAE-4804-AE1F-477B892E197D}.Debug|Any CPU.ActiveCfg = Debug|Any CPU
		{D6B82683-7DAE-4804-AE1F-477B892E197D}.Debug|Any CPU.Build.0 = Debug|Any CPU
		{D6B82683-7DAE-4804-AE1F-477B892E197D}.Debug|x64.ActiveCfg = Debug|Any CPU
		{D6B82683-7DAE-4804-AE1F-477B892E197D}.Debug|x64.Build.0 = Debug|Any CPU
		{D6B82683-7DAE-4804-AE1F-477B892E197D}.Debug|x86.ActiveCfg = Debug|Any CPU
		{D6B82683-7DAE-4804-AE1F-477B892E197D}.Debug|x86.Build.0 = Debug|Any CPU
		{D6B82683-7DAE-4804-AE1F-477B892E197D}.Release|Any CPU.ActiveCfg = Release|Any CPU
		{D6B82683-7DAE-4804-AE1F-477B892E197D}.Release|Any CPU.Build.0 = Release|Any CPU
		{D6B82683-7DAE-4804-AE1F-477B892E197D}.Release|x64.ActiveCfg = Release|Any CPU
		{D6B82683-7DAE-4804-AE1F-477B892E197D}.Release|x64.Build.0 = Release|Any CPU
		{D6B82683-7DAE-4804-AE1F-477B892E197D}.Release|x86.ActiveCfg = Release|Any CPU
		{D6B82683-7DAE-4804-AE1F-477B892E197D}.Release|x86.Build.0 = Release|Any CPU
	EndGlobalSection
	GlobalSection(SolutionProperties) = preSolution
		HideSolutionNode = FALSE
	EndGlobalSection
	GlobalSection(NestedProjects) = preSolution
		{9DFE0D14-B26C-CB42-875C-C6E80532E820} = {02EA681E-C7D8-13C7-8484-4AC65E1B71E8}
		{C6158EC5-19FE-DC80-7E3E-44B801D9078C} = {02EA681E-C7D8-13C7-8484-4AC65E1B71E8}
		{23AFE591-5603-72EC-8BAA-8242265D0F10} = {02EA681E-C7D8-13C7-8484-4AC65E1B71E8}
		{D7908B14-F8BE-A545-DE6B-14FF3A7ABBB2} = {02EA681E-C7D8-13C7-8484-4AC65E1B71E8}
		{077C7D11-3D2E-4A7D-5B77-C5F2E543E1E5} = {02EA681E-C7D8-13C7-8484-4AC65E1B71E8}
		{769B0716-6F85-9842-F2CA-05C8C6E58E09} = {02EA681E-C7D8-13C7-8484-4AC65E1B71E8}
		{AAE8CEFD-4FFA-2812-8883-A86E1A8D6488} = {02EA681E-C7D8-13C7-8484-4AC65E1B71E8}
		{AB8264EF-827A-672E-5E5E-642EAE9DAB2F} = {02EA681E-C7D8-13C7-8484-4AC65E1B71E8}
		{62642EA1-8952-91FF-9D17-C93003CA79A5} = {02EA681E-C7D8-13C7-8484-4AC65E1B71E8}
		{01BE79F0-67E1-71F4-E132-2D00CA188939} = {02EA681E-C7D8-13C7-8484-4AC65E1B71E8}
		{6AB9E932-EC68-8E75-A848-D1C44A13B079} = {02EA681E-C7D8-13C7-8484-4AC65E1B71E8}
		{53A15FD1-247B-1239-3B72-31DB09487B0C} = {802C95C5-F8AA-4136-A298-261105286C93}
		{DB059BD9-CF37-527A-EB68-A6527ED40B88} = {802C95C5-F8AA-4136-A298-261105286C93}
		{D8D945A8-EDC7-42D4-9353-7A7EE8DE4F58} = {802C95C5-F8AA-4136-A298-261105286C93}
		{18821081-AC99-58B3-FD8A-08E0C0F9F22D} = {802C95C5-F8AA-4136-A298-261105286C93}
		{D6B82683-7DAE-4804-AE1F-477B892E197D} = {02EA681E-C7D8-13C7-8484-4AC65E1B71E8}
	EndGlobalSection
	GlobalSection(ExtensibilityGlobals) = postSolution
		SolutionGuid = {1EDD6A9D-1770-4385-AADB-26C6AEDD8C12}
	EndGlobalSection
EndGlobal
